
Microsoft Visual Studio Solution File, Format Version 12.00
# Visual Studio 2012
Project("{8BC9CEB8-8B4A-11D0-8D11-00A0C91BC942}") = "HomeWork6", "HomeWork6\HomeWork6.vcxproj", "{6156D3B6-53DF-4CC6-A5E2-5B6ABFC81656}"
EndProject
Project("{8BC9CEB8-8B4A-11D0-8D11-00A0C91BC942}") = "HomeWork6_SetImplementation", "HomeWork6_SetImplementation\HomeWork6_SetImplementation.vcxproj", "{555F9D1C-A5BD-492D-9718-6F1D2FBB1480}"
EndProject
Global
	GlobalSection(SolutionConfigurationPlatforms) = preSolution
		Debug|Win32 = Debug|Win32
		Release|Win32 = Release|Win32
	EndGlobalSection
	GlobalSection(ProjectConfigurationPlatforms) = postSolution
		{6156D3B6-53DF-4CC6-A5E2-5B6ABFC81656}.Debug|Win32.ActiveCfg = Debug|Win32
		{6156D3B6-53DF-4CC6-A5E2-5B6ABFC81656}.Debug|Win32.Build.0 = Debug|Win32
		{6156D3B6-53DF-4CC6-A5E2-5B6ABFC81656}.Release|Win32.ActiveCfg = Release|Win32
		{6156D3B6-53DF-4CC6-A5E2-5B6ABFC81656}.Release|Win32.Build.0 = Release|Win32
		{555F9D1C-A5BD-492D-9718-6F1D2FBB1480}.Debug|Win32.ActiveCfg = Debug|Win32
		{555F9D1C-A5BD-492D-9718-6F1D2FBB1480}.Debug|Win32.Build.0 = Debug|Win32
		{555F9D1C-A5BD-492D-9718-6F1D2FBB1480}.Release|Win32.ActiveCfg = Release|Win32
		{555F9D1C-A5BD-492D-9718-6F1D2FBB1480}.Release|Win32.Build.0 = Release|Win32
	EndGlobalSection
	GlobalSection(SolutionProperties) = preSolution
		HideSolutionNode = FALSE
	EndGlobalSection
EndGlobal
